// !$*UTF8*$!
{
	archiveVersion = 1;
	classes = {
	};
	objectVersion = 46;
	objects = {

/* Begin PBXBuildFile section */
		DE7603301ED2BA6100C5E929 /* MatrixZeroer.framework in Frameworks */ = {isa = PBXBuildFile; fileRef = DE7603271ED2BA6100C5E929 /* MatrixZeroer.framework */; };
		DE7603371ED2BA6100C5E929 /* MatrixZeroer.h in Headers */ = {isa = PBXBuildFile; fileRef = DE7603291ED2BA6100C5E929 /* MatrixZeroer.h */; settings = {ATTRIBUTES = (Public, ); }; };
		DE7603401ED2BB6000C5E929 /* MatrixZeroerTests.swift in Sources */ = {isa = PBXBuildFile; fileRef = DE76033F1ED2BB6000C5E929 /* MatrixZeroerTests.swift */; };
		DE7603421ED2BB8000C5E929 /* CellTests.swift in Sources */ = {isa = PBXBuildFile; fileRef = DE7603411ED2BB8000C5E929 /* CellTests.swift */; };
		DE7603441ED2BB9400C5E929 /* Cell.swift in Sources */ = {isa = PBXBuildFile; fileRef = DE7603431ED2BB9400C5E929 /* Cell.swift */; };
		DE7603461ED2BBA000C5E929 /* MatrixZeroer.swift in Sources */ = {isa = PBXBuildFile; fileRef = DE7603451ED2BBA000C5E929 /* MatrixZeroer.swift */; };
/* End PBXBuildFile section */

/* Begin PBXContainerItemProxy section */
		DE7603311ED2BA6100C5E929 /* PBXContainerItemProxy */ = {
			isa = PBXContainerItemProxy;
			containerPortal = DE47B2021ED103C1008470F0 /* Project object */;
			proxyType = 1;
			remoteGlobalIDString = DE7603261ED2BA6100C5E929;
			remoteInfo = MatrixZeroer;
		};
/* End PBXContainerItemProxy section */

/* Begin PBXFileReference section */
		DE7603271ED2BA6100C5E929 /* MatrixZeroer.framework */ = {isa = PBXFileReference; explicitFileType = wrapper.framework; includeInIndex = 0; path = MatrixZeroer.framework; sourceTree = BUILT_PRODUCTS_DIR; };
		DE7603291ED2BA6100C5E929 /* MatrixZeroer.h */ = {isa = PBXFileReference; lastKnownFileType = sourcecode.c.h; path = MatrixZeroer.h; sourceTree = "<group>"; };
		DE76032A1ED2BA6100C5E929 /* Info.plist */ = {isa = PBXFileReference; lastKnownFileType = text.plist.xml; path = Info.plist; sourceTree = "<group>"; };
		DE76032F1ED2BA6100C5E929 /* MatrixZeroerTests.xctest */ = {isa = PBXFileReference; explicitFileType = wrapper.cfbundle; includeInIndex = 0; path = MatrixZeroerTests.xctest; sourceTree = BUILT_PRODUCTS_DIR; };
		DE7603361ED2BA6100C5E929 /* Info.plist */ = {isa = PBXFileReference; lastKnownFileType = text.plist.xml; path = Info.plist; sourceTree = "<group>"; };
		DE76033F1ED2BB6000C5E929 /* MatrixZeroerTests.swift */ = {isa = PBXFileReference; fileEncoding = 4; lastKnownFileType = sourcecode.swift; path = MatrixZeroerTests.swift; sourceTree = "<group>"; };
		DE7603411ED2BB8000C5E929 /* CellTests.swift */ = {isa = PBXFileReference; fileEncoding = 4; lastKnownFileType = sourcecode.swift; path = CellTests.swift; sourceTree = "<group>"; };
		DE7603431ED2BB9400C5E929 /* Cell.swift */ = {isa = PBXFileReference; fileEncoding = 4; lastKnownFileType = sourcecode.swift; path = Cell.swift; sourceTree = "<group>"; };
		DE7603451ED2BBA000C5E929 /* MatrixZeroer.swift */ = {isa = PBXFileReference; fileEncoding = 4; lastKnownFileType = sourcecode.swift; path = MatrixZeroer.swift; sourceTree = "<group>"; };
		DEC575EE1ED109BC0033564A /* README.md */ = {isa = PBXFileReference; lastKnownFileType = net.daringfireball.markdown; path = README.md; sourceTree = SOURCE_ROOT; };
/* End PBXFileReference section */

/* Begin PBXFrameworksBuildPhase section */
		DE7603231ED2BA6100C5E929 /* Frameworks */ = {
			isa = PBXFrameworksBuildPhase;
			buildActionMask = 2147483647;
			files = (
			);
			runOnlyForDeploymentPostprocessing = 0;
		};
		DE76032C1ED2BA6100C5E929 /* Frameworks */ = {
			isa = PBXFrameworksBuildPhase;
			buildActionMask = 2147483647;
			files = (
				DE7603301ED2BA6100C5E929 /* MatrixZeroer.framework in Frameworks */,
			);
			runOnlyForDeploymentPostprocessing = 0;
		};
/* End PBXFrameworksBuildPhase section */

/* Begin PBXGroup section */
		DE47B2011ED103C1008470F0 = {
			isa = PBXGroup;
			children = (
				DEC575EE1ED109BC0033564A /* README.md */,
				DE7603281ED2BA6100C5E929 /* MatrixZeroer */,
				DE7603331ED2BA6100C5E929 /* MatrixZeroerTests */,
				DE47B20B1ED103C1008470F0 /* Products */,
			);
			sourceTree = "<group>";
		};
		DE47B20B1ED103C1008470F0 /* Products */ = {
			isa = PBXGroup;
			children = (
				DE7603271ED2BA6100C5E929 /* MatrixZeroer.framework */,
				DE76032F1ED2BA6100C5E929 /* MatrixZeroerTests.xctest */,
			);
			name = Products;
			sourceTree = "<group>";
		};
		DE7603281ED2BA6100C5E929 /* MatrixZeroer */ = {
			isa = PBXGroup;
			children = (
				DE7603431ED2BB9400C5E929 /* Cell.swift */,
				DE7603291ED2BA6100C5E929 /* MatrixZeroer.h */,
				DE7603451ED2BBA000C5E929 /* MatrixZeroer.swift */,
				DE76032A1ED2BA6100C5E929 /* Info.plist */,
			);
			path = MatrixZeroer;
			sourceTree = "<group>";
		};
		DE7603331ED2BA6100C5E929 /* MatrixZeroerTests */ = {
			isa = PBXGroup;
			children = (
				DE7603411ED2BB8000C5E929 /* CellTests.swift */,
				DE7603361ED2BA6100C5E929 /* Info.plist */,
				DE76033F1ED2BB6000C5E929 /* MatrixZeroerTests.swift */,
			);
			path = MatrixZeroerTests;
			sourceTree = "<group>";
		};
/* End PBXGroup section */

/* Begin PBXHeadersBuildPhase section */
		DE7603241ED2BA6100C5E929 /* Headers */ = {
			isa = PBXHeadersBuildPhase;
			buildActionMask = 2147483647;
			files = (
				DE7603371ED2BA6100C5E929 /* MatrixZeroer.h in Headers */,
			);
			runOnlyForDeploymentPostprocessing = 0;
		};
/* End PBXHeadersBuildPhase section */

/* Begin PBXNativeTarget section */
		DE7603261ED2BA6100C5E929 /* MatrixZeroer */ = {
			isa = PBXNativeTarget;
			buildConfigurationList = DE76033C1ED2BA6100C5E929 /* Build configuration list for PBXNativeTarget "MatrixZeroer" */;
			buildPhases = (
				DE7603221ED2BA6100C5E929 /* Sources */,
				DE7603231ED2BA6100C5E929 /* Frameworks */,
				DE7603241ED2BA6100C5E929 /* Headers */,
				DE7603251ED2BA6100C5E929 /* Resources */,
			);
			buildRules = (
			);
			dependencies = (
			);
			name = MatrixZeroer;
			productName = MatrixZeroer;
			productReference = DE7603271ED2BA6100C5E929 /* MatrixZeroer.framework */;
			productType = "com.apple.product-type.framework";
		};
		DE76032E1ED2BA6100C5E929 /* MatrixZeroerTests */ = {
			isa = PBXNativeTarget;
			buildConfigurationList = DE76033D1ED2BA6100C5E929 /* Build configuration list for PBXNativeTarget "MatrixZeroerTests" */;
			buildPhases = (
				DE76032B1ED2BA6100C5E929 /* Sources */,
				DE76032C1ED2BA6100C5E929 /* Frameworks */,
				DE76032D1ED2BA6100C5E929 /* Resources */,
			);
			buildRules = (
			);
			dependencies = (
				DE7603321ED2BA6100C5E929 /* PBXTargetDependency */,
			);
			name = MatrixZeroerTests;
			productName = MatrixZeroerTests;
			productReference = DE76032F1ED2BA6100C5E929 /* MatrixZeroerTests.xctest */;
			productType = "com.apple.product-type.bundle.unit-test";
		};
/* End PBXNativeTarget section */

/* Begin PBXProject section */
		DE47B2021ED103C1008470F0 /* Project object */ = {
			isa = PBXProject;
			attributes = {
				LastSwiftUpdateCheck = 0830;
				LastUpgradeCheck = 0830;
				ORGANIZATIONNAME = "Beepscore LLC";
				TargetAttributes = {
					DE7603261ED2BA6100C5E929 = {
						CreatedOnToolsVersion = 8.3.2;
						DevelopmentTeam = J2LXK9FK3W;
						LastSwiftMigration = 0830;
						ProvisioningStyle = Automatic;
					};
					DE76032E1ED2BA6100C5E929 = {
						CreatedOnToolsVersion = 8.3.2;
						DevelopmentTeam = J2LXK9FK3W;
						LastSwiftMigration = 0830;
						ProvisioningStyle = Automatic;
					};
				};
			};
			buildConfigurationList = DE47B2051ED103C1008470F0 /* Build configuration list for PBXProject "MatrixZeroer" */;
			compatibilityVersion = "Xcode 3.2";
			developmentRegion = English;
			hasScannedForEncodings = 0;
			knownRegions = (
				en,
				Base,
			);
			mainGroup = DE47B2011ED103C1008470F0;
			productRefGroup = DE47B20B1ED103C1008470F0 /* Products */;
			projectDirPath = "";
			projectRoot = "";
			targets = (
				DE7603261ED2BA6100C5E929 /* MatrixZeroer */,
				DE76032E1ED2BA6100C5E929 /* MatrixZeroerTests */,
			);
		};
/* End PBXProject section */

/* Begin PBXResourcesBuildPhase section */
		DE7603251ED2BA6100C5E929 /* Resources */ = {
			isa = PBXResourcesBuildPhase;
			buildActionMask = 2147483647;
			files = (
			);
			runOnlyForDeploymentPostprocessing = 0;
		};
		DE76032D1ED2BA6100C5E929 /* Resources */ = {
			isa = PBXResourcesBuildPhase;
			buildActionMask = 2147483647;
			files = (
			);
			runOnlyForDeploymentPostprocessing = 0;
		};
/* End PBXResourcesBuildPhase section */

/* Begin PBXSourcesBuildPhase section */
		DE7603221ED2BA6100C5E929 /* Sources */ = {
			isa = PBXSourcesBuildPhase;
			buildActionMask = 2147483647;
			files = (
				DE7603441ED2BB9400C5E929 /* Cell.swift in Sources */,
				DE7603461ED2BBA000C5E929 /* MatrixZeroer.swift in Sources */,
			);
			runOnlyForDeploymentPostprocessing = 0;
		};
		DE76032B1ED2BA6100C5E929 /* Sources */ = {
			isa = PBXSourcesBuildPhase;
			buildActionMask = 2147483647;
			files = (
				DE7603401ED2BB6000C5E929 /* MatrixZeroerTests.swift in Sources */,
				DE7603421ED2BB8000C5E929 /* CellTests.swift in Sources */,
			);
			runOnlyForDeploymentPostprocessing = 0;
		};
/* End PBXSourcesBuildPhase section */

/* Begin PBXTargetDependency section */
		DE7603321ED2BA6100C5E929 /* PBXTargetDependency */ = {
			isa = PBXTargetDependency;
			target = DE7603261ED2BA6100C5E929 /* MatrixZeroer */;
			targetProxy = DE7603311ED2BA6100C5E929 /* PBXContainerItemProxy */;
		};
/* End PBXTargetDependency section */

/* Begin XCBuildConfiguration section */
		DE47B2251ED103C1008470F0 /* Debug */ = {
			isa = XCBuildConfiguration;
			buildSettings = {
				ALWAYS_SEARCH_USER_PATHS = NO;
				CLANG_ANALYZER_NONNULL = YES;
				CLANG_ANALYZER_NUMBER_OBJECT_CONVERSION = YES_AGGRESSIVE;
				CLANG_CXX_LANGUAGE_STANDARD = "gnu++0x";
				CLANG_CXX_LIBRARY = "libc++";
				CLANG_ENABLE_MODULES = YES;
				CLANG_ENABLE_OBJC_ARC = YES;
				CLANG_WARN_BOOL_CONVERSION = YES;
				CLANG_WARN_CONSTANT_CONVERSION = YES;
				CLANG_WARN_DIRECT_OBJC_ISA_USAGE = YES_ERROR;
				CLANG_WARN_DOCUMENTATION_COMMENTS = YES;
				CLANG_WARN_EMPTY_BODY = YES;
				CLANG_WARN_ENUM_CONVERSION = YES;
				CLANG_WARN_INFINITE_RECURSION = YES;
				CLANG_WARN_INT_CONVERSION = YES;
				CLANG_WARN_OBJC_ROOT_CLASS = YES_ERROR;
				CLANG_WARN_SUSPICIOUS_MOVE = YES;
				CLANG_WARN_UNREACHABLE_CODE = YES;
				CLANG_WARN__DUPLICATE_METHOD_MATCH = YES;
				"CODE_SIGN_IDENTITY[sdk=iphoneos*]" = "iPhone Developer";
				COPY_PHASE_STRIP = NO;
				DEBUG_INFORMATION_FORMAT = dwarf;
				ENABLE_STRICT_OBJC_MSGSEND = YES;
				ENABLE_TESTABILITY = YES;
				GCC_C_LANGUAGE_STANDARD = gnu99;
				GCC_DYNAMIC_NO_PIC = NO;
				GCC_NO_COMMON_BLOCKS = YES;
				GCC_OPTIMIZATION_LEVEL = 0;
				GCC_PREPROCESSOR_DEFINITIONS = (
					"DEBUG=1",
					"$(inherited)",
				);
				GCC_WARN_64_TO_32_BIT_CONVERSION = YES;
				GCC_WARN_ABOUT_RETURN_TYPE = YES_ERROR;
				GCC_WARN_UNDECLARED_SELECTOR = YES;
				GCC_WARN_UNINITIALIZED_AUTOS = YES_AGGRESSIVE;
				GCC_WARN_UNUSED_FUNCTION = YES;
				GCC_WARN_UNUSED_VARIABLE = YES;
				IPHONEOS_DEPLOYMENT_TARGET = 10.3;
				MTL_ENABLE_DEBUG_INFO = YES;
				ONLY_ACTIVE_ARCH = YES;
				SDKROOT = iphoneos;
				SWIFT_ACTIVE_COMPILATION_CONDITIONS = DEBUG;
				SWIFT_OPTIMIZATION_LEVEL = "-Onone";
				TARGETED_DEVICE_FAMILY = "1,2";
			};
			name = Debug;
		};
		DE47B2261ED103C1008470F0 /* Release */ = {
			isa = XCBuildConfiguration;
			buildSettings = {
				ALWAYS_SEARCH_USER_PATHS = NO;
				CLANG_ANALYZER_NONNULL = YES;
				CLANG_ANALYZER_NUMBER_OBJECT_CONVERSION = YES_AGGRESSIVE;
				CLANG_CXX_LANGUAGE_STANDARD = "gnu++0x";
				CLANG_CXX_LIBRARY = "libc++";
				CLANG_ENABLE_MODULES = YES;
				CLANG_ENABLE_OBJC_ARC = YES;
				CLANG_WARN_BOOL_CONVERSION = YES;
				CLANG_WARN_CONSTANT_CONVERSION = YES;
				CLANG_WARN_DIRECT_OBJC_ISA_USAGE = YES_ERROR;
				CLANG_WARN_DOCUMENTATION_COMMENTS = YES;
				CLANG_WARN_EMPTY_BODY = YES;
				CLANG_WARN_ENUM_CONVERSION = YES;
				CLANG_WARN_INFINITE_RECURSION = YES;
				CLANG_WARN_INT_CONVERSION = YES;
				CLANG_WARN_OBJC_ROOT_CLASS = YES_ERROR;
				CLANG_WARN_SUSPICIOUS_MOVE = YES;
				CLANG_WARN_UNREACHABLE_CODE = YES;
				CLANG_WARN__DUPLICATE_METHOD_MATCH = YES;
				"CODE_SIGN_IDENTITY[sdk=iphoneos*]" = "iPhone Developer";
				COPY_PHASE_STRIP = NO;
				DEBUG_INFORMATION_FORMAT = "dwarf-with-dsym";
				ENABLE_NS_ASSERTIONS = NO;
				ENABLE_STRICT_OBJC_MSGSEND = YES;
				GCC_C_LANGUAGE_STANDARD = gnu99;
				GCC_NO_COMMON_BLOCKS = YES;
				GCC_WARN_64_TO_32_BIT_CONVERSION = YES;
				GCC_WARN_ABOUT_RETURN_TYPE = YES_ERROR;
				GCC_WARN_UNDECLARED_SELECTOR = YES;
				GCC_WARN_UNINITIALIZED_AUTOS = YES_AGGRESSIVE;
				GCC_WARN_UNUSED_FUNCTION = YES;
				GCC_WARN_UNUSED_VARIABLE = YES;
				IPHONEOS_DEPLOYMENT_TARGET = 10.3;
				MTL_ENABLE_DEBUG_INFO = NO;
				SDKROOT = iphoneos;
				SWIFT_OPTIMIZATION_LEVEL = "-Owholemodule";
				TARGETED_DEVICE_FAMILY = "1,2";
				VALIDATE_PRODUCT = YES;
			};
			name = Release;
		};
		DE7603381ED2BA6100C5E929 /* Debug */ = {
			isa = XCBuildConfiguration;
			buildSettings = {
				CLANG_ENABLE_MODULES = YES;
				CODE_SIGN_IDENTITY = "";
				CURRENT_PROJECT_VERSION = 1;
				DEFINES_MODULE = YES;
				DEVELOPMENT_TEAM = J2LXK9FK3W;
				DYLIB_COMPATIBILITY_VERSION = 1;
				DYLIB_CURRENT_VERSION = 1;
				DYLIB_INSTALL_NAME_BASE = "@rpath";
				INFOPLIST_FILE = MatrixZeroer/Info.plist;
				INSTALL_PATH = "$(LOCAL_LIBRARY_DIR)/Frameworks";
				LD_RUNPATH_SEARCH_PATHS = "$(inherited) @executable_path/Frameworks @loader_path/Frameworks";
				PRODUCT_BUNDLE_IDENTIFIER = com.beepscore.MatrixZeroer;
				PRODUCT_NAME = "$(TARGET_NAME)";
				SKIP_INSTALL = YES;
				SWIFT_OPTIMIZATION_LEVEL = "-Onone";
				SWIFT_VERSION = 3.0;
				VERSIONING_SYSTEM = "apple-generic";
				VERSION_INFO_PREFIX = "";
			};
			name = Debug;
		};
		DE7603391ED2BA6100C5E929 /* Release */ = {
			isa = XCBuildConfiguration;
			buildSettings = {
				CLANG_ENABLE_MODULES = YES;
				CODE_SIGN_IDENTITY = "";
				CURRENT_PROJECT_VERSION = 1;
				DEFINES_MODULE = YES;
				DEVELOPMENT_TEAM = J2LXK9FK3W;
				DYLIB_COMPATIBILITY_VERSION = 1;
				DYLIB_CURRENT_VERSION = 1;
				DYLIB_INSTALL_NAME_BASE = "@rpath";
				INFOPLIST_FILE = MatrixZeroer/Info.plist;
				INSTALL_PATH = "$(LOCAL_LIBRARY_DIR)/Frameworks";
				LD_RUNPATH_SEARCH_PATHS = "$(inherited) @executable_path/Frameworks @loader_path/Frameworks";
				PRODUCT_BUNDLE_IDENTIFIER = com.beepscore.MatrixZeroer;
				PRODUCT_NAME = "$(TARGET_NAME)";
				SKIP_INSTALL = YES;
				SWIFT_VERSION = 3.0;
				VERSIONING_SYSTEM = "apple-generic";
				VERSION_INFO_PREFIX = "";
			};
			name = Release;
		};
		DE76033A1ED2BA6100C5E929 /* Debug */ = {
			isa = XCBuildConfiguration;
			buildSettings = {
				ALWAYS_EMBED_SWIFT_STANDARD_LIBRARIES = YES;
				CLANG_ENABLE_MODULES = YES;
				DEVELOPMENT_TEAM = J2LXK9FK3W;
				INFOPLIST_FILE = MatrixZeroerTests/Info.plist;
				LD_RUNPATH_SEARCH_PATHS = "$(inherited) @executable_path/Frameworks @loader_path/Frameworks";
				PRODUCT_BUNDLE_IDENTIFIER = com.beepscore.MatrixZeroerTests;
				PRODUCT_NAME = "$(TARGET_NAME)";
				SWIFT_OBJC_BRIDGING_HEADER = "";
				SWIFT_OPTIMIZATION_LEVEL = "-Onone";
				SWIFT_VERSION = 3.0;
			};
			name = Debug;
		};
		DE76033B1ED2BA6100C5E929 /* Release */ = {
			isa = XCBuildConfiguration;
			buildSettings = {
				ALWAYS_EMBED_SWIFT_STANDARD_LIBRARIES = YES;
				CLANG_ENABLE_MODULES = YES;
				DEVELOPMENT_TEAM = J2LXK9FK3W;
				INFOPLIST_FILE = MatrixZeroerTests/Info.plist;
				LD_RUNPATH_SEARCH_PATHS = "$(inherited) @executable_path/Frameworks @loader_path/Frameworks";
				PRODUCT_BUNDLE_IDENTIFIER = com.beepscore.MatrixZeroerTests;
				PRODUCT_NAME = "$(TARGET_NAME)";
				SWIFT_OBJC_BRIDGING_HEADER = "";
				SWIFT_VERSION = 3.0;
			};
			name = Release;
		};
/* End XCBuildConfiguration section */

/* Begin XCConfigurationList section */
		DE47B2051ED103C1008470F0 /* Build configuration list for PBXProject "MatrixZeroer" */ = {
			isa = XCConfigurationList;
			buildConfigurations = (
				DE47B2251ED103C1008470F0 /* Debug */,
				DE47B2261ED103C1008470F0 /* Release */,
			);
			defaultConfigurationIsVisible = 0;
			defaultConfigurationName = Release;
		};
		DE76033C1ED2BA6100C5E929 /* Build configuration list for PBXNativeTarget "MatrixZeroer" */ = {
			isa = XCConfigurationList;
			buildConfigurations = (
				DE7603381ED2BA6100C5E929 /* Debug */,
				DE7603391ED2BA6100C5E929 /* Release */,
			);
			defaultConfigurationIsVisible = 0;
			defaultConfigurationName = Release;
		};
		DE76033D1ED2BA6100C5E929 /* Build configuration list for PBXNativeTarget "MatrixZeroerTests" */ = {
			isa = XCConfigurationList;
			buildConfigurations = (
				DE76033A1ED2BA6100C5E929 /* Debug */,
				DE76033B1ED2BA6100C5E929 /* Release */,
			);
			defaultConfigurationIsVisible = 0;
			defaultConfigurationName = Release;
		};
/* End XCConfigurationList section */
	};
	rootObject = DE47B2021ED103C1008470F0 /* Project object */;
}
